// !$*UTF8*$!
{
	archiveVersion = 1;
	classes = {
	};
	objectVersion = 46;
	objects = {

/* Begin PBXBuildFile section */
		B52B8A5D1D9400F70015CDA7 /* PendingBetsTableViewCell.swift in Sources */ = {isa = PBXBuildFile; fileRef = B52B8A5C1D9400F70015CDA7 /* PendingBetsTableViewCell.swift */; };
		B52B8A5F1D94906D0015CDA7 /* ActiveBetTableViewCell.swift in Sources */ = {isa = PBXBuildFile; fileRef = B52B8A5E1D94906D0015CDA7 /* ActiveBetTableViewCell.swift */; };
		B52B8A631D9490DB0015CDA7 /* CompletedBetTableViewCell.swift in Sources */ = {isa = PBXBuildFile; fileRef = B52B8A621D9490DB0015CDA7 /* CompletedBetTableViewCell.swift */; };
		B52B8A651D95B1400015CDA7 /* NewBetViewController.swift in Sources */ = {isa = PBXBuildFile; fileRef = B52B8A641D95B1400015CDA7 /* NewBetViewController.swift */; };
		B52B8A681D95B5FE0015CDA7 /* BetDetailsViewController.swift in Sources */ = {isa = PBXBuildFile; fileRef = B52B8A671D95B5FE0015CDA7 /* BetDetailsViewController.swift */; };
		B52B8A6A1D95BB8B0015CDA7 /* LoginViewController.swift in Sources */ = {isa = PBXBuildFile; fileRef = B52B8A691D95BB8B0015CDA7 /* LoginViewController.swift */; };
		B54557CB1D98CC16007D8809 /* AutoCompleteTextField.swift in Sources */ = {isa = PBXBuildFile; fileRef = B54557CA1D98CC16007D8809 /* AutoCompleteTextField.swift */; };
		B55190051D9AA24500760EAC /* NewBetConfirmationViewController.swift in Sources */ = {isa = PBXBuildFile; fileRef = B55190041D9AA24500760EAC /* NewBetConfirmationViewController.swift */; };
		B557E62E1D9DB7A3003354F3 /* BetStruct.swift in Sources */ = {isa = PBXBuildFile; fileRef = B557E62D1D9DB7A3003354F3 /* BetStruct.swift */; };
		B59B57341D90A84100BF8193 /* AppDelegate.swift in Sources */ = {isa = PBXBuildFile; fileRef = B59B57331D90A84100BF8193 /* AppDelegate.swift */; };
		B59B57361D90A84100BF8193 /* ViewController.swift in Sources */ = {isa = PBXBuildFile; fileRef = B59B57351D90A84100BF8193 /* ViewController.swift */; };
		B59B57391D90A84100BF8193 /* Main.storyboard in Resources */ = {isa = PBXBuildFile; fileRef = B59B57371D90A84100BF8193 /* Main.storyboard */; };
		B59B573B1D90A84100BF8193 /* Assets.xcassets in Resources */ = {isa = PBXBuildFile; fileRef = B59B573A1D90A84100BF8193 /* Assets.xcassets */; };
		B59B573E1D90A84100BF8193 /* LaunchScreen.storyboard in Resources */ = {isa = PBXBuildFile; fileRef = B59B573C1D90A84100BF8193 /* LaunchScreen.storyboard */; };
		B59B57491D90A84100BF8193 /* BetFriendsTests.swift in Sources */ = {isa = PBXBuildFile; fileRef = B59B57481D90A84100BF8193 /* BetFriendsTests.swift */; };
		B59B57541D90A84100BF8193 /* BetFriendsUITests.swift in Sources */ = {isa = PBXBuildFile; fileRef = B59B57531D90A84100BF8193 /* BetFriendsUITests.swift */; };
		B59B57641D90A9CE00BF8193 /* MyBetsViewController.swift in Sources */ = {isa = PBXBuildFile; fileRef = B59B57631D90A9CE00BF8193 /* MyBetsViewController.swift */; };
/* End PBXBuildFile section */

/* Begin PBXContainerItemProxy section */
		B59B57451D90A84100BF8193 /* PBXContainerItemProxy */ = {
			isa = PBXContainerItemProxy;
			containerPortal = B59B57281D90A84100BF8193 /* Project object */;
			proxyType = 1;
			remoteGlobalIDString = B59B572F1D90A84100BF8193;
			remoteInfo = BetFriends;
		};
		B59B57501D90A84100BF8193 /* PBXContainerItemProxy */ = {
			isa = PBXContainerItemProxy;
			containerPortal = B59B57281D90A84100BF8193 /* Project object */;
			proxyType = 1;
			remoteGlobalIDString = B59B572F1D90A84100BF8193;
			remoteInfo = BetFriends;
		};
/* End PBXContainerItemProxy section */

/* Begin PBXFileReference section */
		B52B8A5C1D9400F70015CDA7 /* PendingBetsTableViewCell.swift */ = {isa = PBXFileReference; fileEncoding = 4; lastKnownFileType = sourcecode.swift; name = PendingBetsTableViewCell.swift; path = ../PendingBetsTableViewCell.swift; sourceTree = "<group>"; };
		B52B8A5E1D94906D0015CDA7 /* ActiveBetTableViewCell.swift */ = {isa = PBXFileReference; fileEncoding = 4; lastKnownFileType = sourcecode.swift; path = ActiveBetTableViewCell.swift; sourceTree = "<group>"; };
		B52B8A621D9490DB0015CDA7 /* CompletedBetTableViewCell.swift */ = {isa = PBXFileReference; fileEncoding = 4; lastKnownFileType = sourcecode.swift; path = CompletedBetTableViewCell.swift; sourceTree = "<group>"; };
		B52B8A641D95B1400015CDA7 /* NewBetViewController.swift */ = {isa = PBXFileReference; fileEncoding = 4; lastKnownFileType = sourcecode.swift; path = NewBetViewController.swift; sourceTree = "<group>"; };
		B52B8A671D95B5FE0015CDA7 /* BetDetailsViewController.swift */ = {isa = PBXFileReference; fileEncoding = 4; lastKnownFileType = sourcecode.swift; path = BetDetailsViewController.swift; sourceTree = "<group>"; };
		B52B8A691D95BB8B0015CDA7 /* LoginViewController.swift */ = {isa = PBXFileReference; fileEncoding = 4; lastKnownFileType = sourcecode.swift; path = LoginViewController.swift; sourceTree = "<group>"; };
		B54557CA1D98CC16007D8809 /* AutoCompleteTextField.swift */ = {isa = PBXFileReference; fileEncoding = 4; lastKnownFileType = sourcecode.swift; path = AutoCompleteTextField.swift; sourceTree = "<group>"; };
		B55190041D9AA24500760EAC /* NewBetConfirmationViewController.swift */ = {isa = PBXFileReference; fileEncoding = 4; lastKnownFileType = sourcecode.swift; path = NewBetConfirmationViewController.swift; sourceTree = "<group>"; };
		B557E62D1D9DB7A3003354F3 /* BetStruct.swift */ = {isa = PBXFileReference; fileEncoding = 4; lastKnownFileType = sourcecode.swift; path = BetStruct.swift; sourceTree = "<group>"; };
		B59B57301D90A84100BF8193 /* BetFriends.app */ = {isa = PBXFileReference; explicitFileType = wrapper.application; includeInIndex = 0; path = BetFriends.app; sourceTree = BUILT_PRODUCTS_DIR; };
		B59B57331D90A84100BF8193 /* AppDelegate.swift */ = {isa = PBXFileReference; lastKnownFileType = sourcecode.swift; path = AppDelegate.swift; sourceTree = "<group>"; };
		B59B57351D90A84100BF8193 /* ViewController.swift */ = {isa = PBXFileReference; lastKnownFileType = sourcecode.swift; path = ViewController.swift; sourceTree = "<group>"; };
		B59B57381D90A84100BF8193 /* Base */ = {isa = PBXFileReference; lastKnownFileType = file.storyboard; name = Base; path = Base.lproj/Main.storyboard; sourceTree = "<group>"; };
		B59B573A1D90A84100BF8193 /* Assets.xcassets */ = {isa = PBXFileReference; lastKnownFileType = folder.assetcatalog; path = Assets.xcassets; sourceTree = "<group>"; };
		B59B573D1D90A84100BF8193 /* Base */ = {isa = PBXFileReference; lastKnownFileType = file.storyboard; name = Base; path = Base.lproj/LaunchScreen.storyboard; sourceTree = "<group>"; };
		B59B573F1D90A84100BF8193 /* Info.plist */ = {isa = PBXFileReference; lastKnownFileType = text.plist.xml; path = Info.plist; sourceTree = "<group>"; };
		B59B57441D90A84100BF8193 /* BetFriendsTests.xctest */ = {isa = PBXFileReference; explicitFileType = wrapper.cfbundle; includeInIndex = 0; path = BetFriendsTests.xctest; sourceTree = BUILT_PRODUCTS_DIR; };
		B59B57481D90A84100BF8193 /* BetFriendsTests.swift */ = {isa = PBXFileReference; lastKnownFileType = sourcecode.swift; path = BetFriendsTests.swift; sourceTree = "<group>"; };
		B59B574A1D90A84100BF8193 /* Info.plist */ = {isa = PBXFileReference; lastKnownFileType = text.plist.xml; path = Info.plist; sourceTree = "<group>"; };
		B59B574F1D90A84100BF8193 /* BetFriendsUITests.xctest */ = {isa = PBXFileReference; explicitFileType = wrapper.cfbundle; includeInIndex = 0; path = BetFriendsUITests.xctest; sourceTree = BUILT_PRODUCTS_DIR; };
		B59B57531D90A84100BF8193 /* BetFriendsUITests.swift */ = {isa = PBXFileReference; lastKnownFileType = sourcecode.swift; path = BetFriendsUITests.swift; sourceTree = "<group>"; };
		B59B57551D90A84100BF8193 /* Info.plist */ = {isa = PBXFileReference; lastKnownFileType = text.plist.xml; path = Info.plist; sourceTree = "<group>"; };
		B59B57631D90A9CE00BF8193 /* MyBetsViewController.swift */ = {isa = PBXFileReference; fileEncoding = 4; lastKnownFileType = sourcecode.swift; name = MyBetsViewController.swift; path = ../MyBetsViewController.swift; sourceTree = "<group>"; };
/* End PBXFileReference section */

/* Begin PBXFrameworksBuildPhase section */
		B59B572D1D90A84100BF8193 /* Frameworks */ = {
			isa = PBXFrameworksBuildPhase;
			buildActionMask = 2147483647;
			files = (
			);
			runOnlyForDeploymentPostprocessing = 0;
		};
		B59B57411D90A84100BF8193 /* Frameworks */ = {
			isa = PBXFrameworksBuildPhase;
			buildActionMask = 2147483647;
			files = (
			);
			runOnlyForDeploymentPostprocessing = 0;
		};
		B59B574C1D90A84100BF8193 /* Frameworks */ = {
			isa = PBXFrameworksBuildPhase;
			buildActionMask = 2147483647;
			files = (
			);
			runOnlyForDeploymentPostprocessing = 0;
		};
/* End PBXFrameworksBuildPhase section */

/* Begin PBXGroup section */
		B52B8A661D95B35E0015CDA7 /* Table View Cells */ = {
			isa = PBXGroup;
			children = (
				B52B8A5C1D9400F70015CDA7 /* PendingBetsTableViewCell.swift */,
				B52B8A5E1D94906D0015CDA7 /* ActiveBetTableViewCell.swift */,
				B52B8A621D9490DB0015CDA7 /* CompletedBetTableViewCell.swift */,
			);
			name = "Table View Cells";
			sourceTree = "<group>";
		};
		B54557C91D98926F007D8809 /* External Code */ = {
			isa = PBXGroup;
			children = (
				B54557CA1D98CC16007D8809 /* AutoCompleteTextField.swift */,
			);
			name = "External Code";
			sourceTree = "<group>";
		};
		B59B57271D90A84100BF8193 = {
			isa = PBXGroup;
			children = (
				B59B57321D90A84100BF8193 /* BetFriends */,
				B59B57471D90A84100BF8193 /* BetFriendsTests */,
				B59B57521D90A84100BF8193 /* BetFriendsUITests */,
				B59B57311D90A84100BF8193 /* Products */,
			);
			sourceTree = "<group>";
		};
		B59B57311D90A84100BF8193 /* Products */ = {
			isa = PBXGroup;
			children = (
				B59B57301D90A84100BF8193 /* BetFriends.app */,
				B59B57441D90A84100BF8193 /* BetFriendsTests.xctest */,
				B59B574F1D90A84100BF8193 /* BetFriendsUITests.xctest */,
			);
			name = Products;
			sourceTree = "<group>";
		};
		B59B57321D90A84100BF8193 /* BetFriends */ = {
			isa = PBXGroup;
			children = (
				B54557C91D98926F007D8809 /* External Code */,
				B52B8A661D95B35E0015CDA7 /* Table View Cells */,
				B59B57631D90A9CE00BF8193 /* MyBetsViewController.swift */,
				B557E62D1D9DB7A3003354F3 /* BetStruct.swift */,
				B59B57331D90A84100BF8193 /* AppDelegate.swift */,
				B59B57351D90A84100BF8193 /* ViewController.swift */,
				B59B57371D90A84100BF8193 /* Main.storyboard */,
				B52B8A691D95BB8B0015CDA7 /* LoginViewController.swift */,
				B52B8A671D95B5FE0015CDA7 /* BetDetailsViewController.swift */,
				B55190041D9AA24500760EAC /* NewBetConfirmationViewController.swift */,
				B52B8A641D95B1400015CDA7 /* NewBetViewController.swift */,
				B59B573A1D90A84100BF8193 /* Assets.xcassets */,
				B59B573C1D90A84100BF8193 /* LaunchScreen.storyboard */,
				B59B573F1D90A84100BF8193 /* Info.plist */,
			);
			path = BetFriends;
			sourceTree = "<group>";
		};
		B59B57471D90A84100BF8193 /* BetFriendsTests */ = {
			isa = PBXGroup;
			children = (
				B59B57481D90A84100BF8193 /* BetFriendsTests.swift */,
				B59B574A1D90A84100BF8193 /* Info.plist */,
			);
			path = BetFriendsTests;
			sourceTree = "<group>";
		};
		B59B57521D90A84100BF8193 /* BetFriendsUITests */ = {
			isa = PBXGroup;
			children = (
				B59B57531D90A84100BF8193 /* BetFriendsUITests.swift */,
				B59B57551D90A84100BF8193 /* Info.plist */,
			);
			path = BetFriendsUITests;
			sourceTree = "<group>";
		};
/* End PBXGroup section */

/* Begin PBXNativeTarget section */
		B59B572F1D90A84100BF8193 /* BetFriends */ = {
			isa = PBXNativeTarget;
			buildConfigurationList = B59B57581D90A84200BF8193 /* Build configuration list for PBXNativeTarget "BetFriends" */;
			buildPhases = (
				B59B572C1D90A84100BF8193 /* Sources */,
				B59B572D1D90A84100BF8193 /* Frameworks */,
				B59B572E1D90A84100BF8193 /* Resources */,
			);
			buildRules = (
			);
			dependencies = (
			);
			name = BetFriends;
			productName = BetFriends;
			productReference = B59B57301D90A84100BF8193 /* BetFriends.app */;
			productType = "com.apple.product-type.application";
		};
		B59B57431D90A84100BF8193 /* BetFriendsTests */ = {
			isa = PBXNativeTarget;
			buildConfigurationList = B59B575B1D90A84200BF8193 /* Build configuration list for PBXNativeTarget "BetFriendsTests" */;
			buildPhases = (
				B59B57401D90A84100BF8193 /* Sources */,
				B59B57411D90A84100BF8193 /* Frameworks */,
				B59B57421D90A84100BF8193 /* Resources */,
			);
			buildRules = (
			);
			dependencies = (
				B59B57461D90A84100BF8193 /* PBXTargetDependency */,
			);
			name = BetFriendsTests;
			productName = BetFriendsTests;
			productReference = B59B57441D90A84100BF8193 /* BetFriendsTests.xctest */;
			productType = "com.apple.product-type.bundle.unit-test";
		};
		B59B574E1D90A84100BF8193 /* BetFriendsUITests */ = {
			isa = PBXNativeTarget;
			buildConfigurationList = B59B575E1D90A84200BF8193 /* Build configuration list for PBXNativeTarget "BetFriendsUITests" */;
			buildPhases = (
				B59B574B1D90A84100BF8193 /* Sources */,
				B59B574C1D90A84100BF8193 /* Frameworks */,
				B59B574D1D90A84100BF8193 /* Resources */,
			);
			buildRules = (
			);
			dependencies = (
				B59B57511D90A84100BF8193 /* PBXTargetDependency */,
			);
			name = BetFriendsUITests;
			productName = BetFriendsUITests;
			productReference = B59B574F1D90A84100BF8193 /* BetFriendsUITests.xctest */;
			productType = "com.apple.product-type.bundle.ui-testing";
		};
/* End PBXNativeTarget section */

/* Begin PBXProject section */
		B59B57281D90A84100BF8193 /* Project object */ = {
			isa = PBXProject;
			attributes = {
				LastSwiftUpdateCheck = 0730;
				LastUpgradeCheck = 0730;
				ORGANIZATIONNAME = "Hill, Cameron";
				TargetAttributes = {
					B59B572F1D90A84100BF8193 = {
						CreatedOnToolsVersion = 7.3.1;
						DevelopmentTeam = D7Q7SPS6QM;
					};
					B59B57431D90A84100BF8193 = {
						CreatedOnToolsVersion = 7.3.1;
						DevelopmentTeam = D7Q7SPS6QM;
						TestTargetID = B59B572F1D90A84100BF8193;
					};
					B59B574E1D90A84100BF8193 = {
						CreatedOnToolsVersion = 7.3.1;
						DevelopmentTeam = D7Q7SPS6QM;
						TestTargetID = B59B572F1D90A84100BF8193;
					};
				};
			};
			buildConfigurationList = B59B572B1D90A84100BF8193 /* Build configuration list for PBXProject "BetFriends" */;
			compatibilityVersion = "Xcode 3.2";
			developmentRegion = English;
			hasScannedForEncodings = 0;
			knownRegions = (
				en,
				Base,
			);
			mainGroup = B59B57271D90A84100BF8193;
			productRefGroup = B59B57311D90A84100BF8193 /* Products */;
			projectDirPath = "";
			projectRoot = "";
			targets = (
				B59B572F1D90A84100BF8193 /* BetFriends */,
				B59B57431D90A84100BF8193 /* BetFriendsTests */,
				B59B574E1D90A84100BF8193 /* BetFriendsUITests */,
			);
		};
/* End PBXProject section */

/* Begin PBXResourcesBuildPhase section */
		B59B572E1D90A84100BF8193 /* Resources */ = {
			isa = PBXResourcesBuildPhase;
			buildActionMask = 2147483647;
			files = (
				B59B573E1D90A84100BF8193 /* LaunchScreen.storyboard in Resources */,
				B59B573B1D90A84100BF8193 /* Assets.xcassets in Resources */,
				B59B57391D90A84100BF8193 /* Main.storyboard in Resources */,
			);
			runOnlyForDeploymentPostprocessing = 0;
		};
		B59B57421D90A84100BF8193 /* Resources */ = {
			isa = PBXResourcesBuildPhase;
			buildActionMask = 2147483647;
			files = (
			);
			runOnlyForDeploymentPostprocessing = 0;
		};
		B59B574D1D90A84100BF8193 /* Resources */ = {
			isa = PBXResourcesBuildPhase;
			buildActionMask = 2147483647;
			files = (
			);
			runOnlyForDeploymentPostprocessing = 0;
		};
/* End PBXResourcesBuildPhase section */

/* Begin PBXSourcesBuildPhase section */
		B59B572C1D90A84100BF8193 /* Sources */ = {
			isa = PBXSourcesBuildPhase;
			buildActionMask = 2147483647;
			files = (
				B52B8A6A1D95BB8B0015CDA7 /* LoginViewController.swift in Sources */,
				B54557CB1D98CC16007D8809 /* AutoCompleteTextField.swift in Sources */,
				B59B57641D90A9CE00BF8193 /* MyBetsViewController.swift in Sources */,
				B52B8A681D95B5FE0015CDA7 /* BetDetailsViewController.swift in Sources */,
				B52B8A651D95B1400015CDA7 /* NewBetViewController.swift in Sources */,
				B52B8A631D9490DB0015CDA7 /* CompletedBetTableViewCell.swift in Sources */,
				B557E62E1D9DB7A3003354F3 /* BetStruct.swift in Sources */,
				B59B57361D90A84100BF8193 /* ViewController.swift in Sources */,
				B59B57341D90A84100BF8193 /* AppDelegate.swift in Sources */,
				B52B8A5F1D94906D0015CDA7 /* ActiveBetTableViewCell.swift in Sources */,
				B55190051D9AA24500760EAC /* NewBetConfirmationViewController.swift in Sources */,
				B52B8A5D1D9400F70015CDA7 /* PendingBetsTableViewCell.swift in Sources */,
			);
			runOnlyForDeploymentPostprocessing = 0;
		};
		B59B57401D90A84100BF8193 /* Sources */ = {
			isa = PBXSourcesBuildPhase;
			buildActionMask = 2147483647;
			files = (
				B59B57491D90A84100BF8193 /* BetFriendsTests.swift in Sources */,
			);
			runOnlyForDeploymentPostprocessing = 0;
		};
		B59B574B1D90A84100BF8193 /* Sources */ = {
			isa = PBXSourcesBuildPhase;
			buildActionMask = 2147483647;
			files = (
				B59B57541D90A84100BF8193 /* BetFriendsUITests.swift in Sources */,
			);
			runOnlyForDeploymentPostprocessing = 0;
		};
/* End PBXSourcesBuildPhase section */

/* Begin PBXTargetDependency section */
		B59B57461D90A84100BF8193 /* PBXTargetDependency */ = {
			isa = PBXTargetDependency;
			target = B59B572F1D90A84100BF8193 /* BetFriends */;
			targetProxy = B59B57451D90A84100BF8193 /* PBXContainerItemProxy */;
		};
		B59B57511D90A84100BF8193 /* PBXTargetDependency */ = {
			isa = PBXTargetDependency;
			target = B59B572F1D90A84100BF8193 /* BetFriends */;
			targetProxy = B59B57501D90A84100BF8193 /* PBXContainerItemProxy */;
		};
/* End PBXTargetDependency section */

/* Begin PBXVariantGroup section */
		B59B57371D90A84100BF8193 /* Main.storyboard */ = {
			isa = PBXVariantGroup;
			children = (
				B59B57381D90A84100BF8193 /* Base */,
			);
			name = Main.storyboard;
			sourceTree = "<group>";
		};
		B59B573C1D90A84100BF8193 /* LaunchScreen.storyboard */ = {
			isa = PBXVariantGroup;
			children = (
				B59B573D1D90A84100BF8193 /* Base */,
			);
			name = LaunchScreen.storyboard;
			sourceTree = "<group>";
		};
/* End PBXVariantGroup section */

/* Begin XCBuildConfiguration section */
		B59B57561D90A84200BF8193 /* Debug */ = {
			isa = XCBuildConfiguration;
			buildSettings = {
				ALWAYS_SEARCH_USER_PATHS = NO;
				CLANG_ANALYZER_NONNULL = YES;
				CLANG_CXX_LANGUAGE_STANDARD = "gnu++0x";
				CLANG_CXX_LIBRARY = "libc++";
				CLANG_ENABLE_MODULES = YES;
				CLANG_ENABLE_OBJC_ARC = YES;
				CLANG_WARN_BOOL_CONVERSION = YES;
				CLANG_WARN_CONSTANT_CONVERSION = YES;
				CLANG_WARN_DIRECT_OBJC_ISA_USAGE = YES_ERROR;
				CLANG_WARN_EMPTY_BODY = YES;
				CLANG_WARN_ENUM_CONVERSION = YES;
				CLANG_WARN_INT_CONVERSION = YES;
				CLANG_WARN_OBJC_ROOT_CLASS = YES_ERROR;
				CLANG_WARN_UNREACHABLE_CODE = YES;
				CLANG_WARN__DUPLICATE_METHOD_MATCH = YES;
				"CODE_SIGN_IDENTITY[sdk=iphoneos*]" = "iPhone Developer";
				COPY_PHASE_STRIP = NO;
				DEBUG_INFORMATION_FORMAT = dwarf;
				ENABLE_STRICT_OBJC_MSGSEND = YES;
				ENABLE_TESTABILITY = YES;
				GCC_C_LANGUAGE_STANDARD = gnu99;
				GCC_DYNAMIC_NO_PIC = NO;
				GCC_NO_COMMON_BLOCKS = YES;
				GCC_OPTIMIZATION_LEVEL = 0;
				GCC_PREPROCESSOR_DEFINITIONS = (
					"DEBUG=1",
					"$(inherited)",
				);
				GCC_WARN_64_TO_32_BIT_CONVERSION = YES;
				GCC_WARN_ABOUT_RETURN_TYPE = YES_ERROR;
				GCC_WARN_UNDECLARED_SELECTOR = YES;
				GCC_WARN_UNINITIALIZED_AUTOS = YES_AGGRESSIVE;
				GCC_WARN_UNUSED_FUNCTION = YES;
				GCC_WARN_UNUSED_VARIABLE = YES;
				IPHONEOS_DEPLOYMENT_TARGET = 9.3;
				MTL_ENABLE_DEBUG_INFO = YES;
				ONLY_ACTIVE_ARCH = YES;
				SDKROOT = iphoneos;
				SWIFT_OPTIMIZATION_LEVEL = "-Onone";
			};
			name = Debug;
		};
		B59B57571D90A84200BF8193 /* Release */ = {
			isa = XCBuildConfiguration;
			buildSettings = {
				ALWAYS_SEARCH_USER_PATHS = NO;
				CLANG_ANALYZER_NONNULL = YES;
				CLANG_CXX_LANGUAGE_STANDARD = "gnu++0x";
				CLANG_CXX_LIBRARY = "libc++";
				CLANG_ENABLE_MODULES = YES;
				CLANG_ENABLE_OBJC_ARC = YES;
				CLANG_WARN_BOOL_CONVERSION = YES;
				CLANG_WARN_CONSTANT_CONVERSION = YES;
				CLANG_WARN_DIRECT_OBJC_ISA_USAGE = YES_ERROR;
				CLANG_WARN_EMPTY_BODY = YES;
				CLANG_WARN_ENUM_CONVERSION = YES;
				CLANG_WARN_INT_CONVERSION = YES;
				CLANG_WARN_OBJC_ROOT_CLASS = YES_ERROR;
				CLANG_WARN_UNREACHABLE_CODE = YES;
				CLANG_WARN__DUPLICATE_METHOD_MATCH = YES;
				"CODE_SIGN_IDENTITY[sdk=iphoneos*]" = "iPhone Developer";
				COPY_PHASE_STRIP = NO;
				DEBUG_INFORMATION_FORMAT = "dwarf-with-dsym";
				ENABLE_NS_ASSERTIONS = NO;
				ENABLE_STRICT_OBJC_MSGSEND = YES;
				GCC_C_LANGUAGE_STANDARD = gnu99;
				GCC_NO_COMMON_BLOCKS = YES;
				GCC_WARN_64_TO_32_BIT_CONVERSION = YES;
				GCC_WARN_ABOUT_RETURN_TYPE = YES_ERROR;
				GCC_WARN_UNDECLARED_SELECTOR = YES;
				GCC_WARN_UNINITIALIZED_AUTOS = YES_AGGRESSIVE;
				GCC_WARN_UNUSED_FUNCTION = YES;
				GCC_WARN_UNUSED_VARIABLE = YES;
				IPHONEOS_DEPLOYMENT_TARGET = 9.3;
				MTL_ENABLE_DEBUG_INFO = NO;
				SDKROOT = iphoneos;
				VALIDATE_PRODUCT = YES;
			};
			name = Release;
		};
		B59B57591D90A84200BF8193 /* Debug */ = {
			isa = XCBuildConfiguration;
			buildSettings = {
				ASSETCATALOG_COMPILER_APPICON_NAME = AppIcon;
				INFOPLIST_FILE = BetFriends/Info.plist;
				LD_RUNPATH_SEARCH_PATHS = "$(inherited) @executable_path/Frameworks";
				PRODUCT_BUNDLE_IDENTIFIER = com.camkhill.BetFriends;
				PRODUCT_NAME = "$(TARGET_NAME)";
			};
			name = Debug;
		};
		B59B575A1D90A84200BF8193 /* Release */ = {
			isa = XCBuildConfiguration;
			buildSettings = {
				ASSETCATALOG_COMPILER_APPICON_NAME = AppIcon;
				INFOPLIST_FILE = BetFriends/Info.plist;
				LD_RUNPATH_SEARCH_PATHS = "$(inherited) @executable_path/Frameworks";
				PRODUCT_BUNDLE_IDENTIFIER = com.camkhill.BetFriends;
				PRODUCT_NAME = "$(TARGET_NAME)";
			};
			name = Release;
		};
		B59B575C1D90A84200BF8193 /* Debug */ = {
			isa = XCBuildConfiguration;
			buildSettings = {
				BUNDLE_LOADER = "$(TEST_HOST)";
				INFOPLIST_FILE = BetFriendsTests/Info.plist;
				LD_RUNPATH_SEARCH_PATHS = "$(inherited) @executable_path/Frameworks @loader_path/Frameworks";
				PRODUCT_BUNDLE_IDENTIFIER = com.camkhill.BetFriendsTests;
				PRODUCT_NAME = "$(TARGET_NAME)";
				TEST_HOST = "$(BUILT_PRODUCTS_DIR)/BetFriends.app/BetFriends";
			};
			name = Debug;
		};
		B59B575D1D90A84200BF8193 /* Release */ = {
			isa = XCBuildConfiguration;
			buildSettings = {
				BUNDLE_LOADER = "$(TEST_HOST)";
				INFOPLIST_FILE = BetFriendsTests/Info.plist;
				LD_RUNPATH_SEARCH_PATHS = "$(inherited) @executable_path/Frameworks @loader_path/Frameworks";
				PRODUCT_BUNDLE_IDENTIFIER = com.camkhill.BetFriendsTests;
				PRODUCT_NAME = "$(TARGET_NAME)";
				TEST_HOST = "$(BUILT_PRODUCTS_DIR)/BetFriends.app/BetFriends";
			};
			name = Release;
		};
		B59B575F1D90A84200BF8193 /* Debug */ = {
			isa = XCBuildConfiguration;
			buildSettings = {
				INFOPLIST_FILE = BetFriendsUITests/Info.plist;
				LD_RUNPATH_SEARCH_PATHS = "$(inherited) @executable_path/Frameworks @loader_path/Frameworks";
				PRODUCT_BUNDLE_IDENTIFIER = com.camkhill.BetFriendsUITests;
				PRODUCT_NAME = "$(TARGET_NAME)";
				TEST_TARGET_NAME = BetFriends;
			};
			name = Debug;
		};
		B59B57601D90A84200BF8193 /* Release */ = {
			isa = XCBuildConfiguration;
			buildSettings = {
				INFOPLIST_FILE = BetFriendsUITests/Info.plist;
				LD_RUNPATH_SEARCH_PATHS = "$(inherited) @executable_path/Frameworks @loader_path/Frameworks";
				PRODUCT_BUNDLE_IDENTIFIER = com.camkhill.BetFriendsUITests;
				PRODUCT_NAME = "$(TARGET_NAME)";
				TEST_TARGET_NAME = BetFriends;
			};
			name = Release;
		};
/* End XCBuildConfiguration section */

/* Begin XCConfigurationList section */
		B59B572B1D90A84100BF8193 /* Build configuration list for PBXProject "BetFriends" */ = {
			isa = XCConfigurationList;
			buildConfigurations = (
				B59B57561D90A84200BF8193 /* Debug */,
				B59B57571D90A84200BF8193 /* Release */,
			);
			defaultConfigurationIsVisible = 0;
			defaultConfigurationName = Release;
		};
		B59B57581D90A84200BF8193 /* Build configuration list for PBXNativeTarget "BetFriends" */ = {
			isa = XCConfigurationList;
			buildConfigurations = (
				B59B57591D90A84200BF8193 /* Debug */,
				B59B575A1D90A84200BF8193 /* Release */,
			);
			defaultConfigurationIsVisible = 0;
			defaultConfigurationName = Release;
		};
		B59B575B1D90A84200BF8193 /* Build configuration list for PBXNativeTarget "BetFriendsTests" */ = {
			isa = XCConfigurationList;
			buildConfigurations = (
				B59B575C1D90A84200BF8193 /* Debug */,
				B59B575D1D90A84200BF8193 /* Release */,
			);
			defaultConfigurationIsVisible = 0;
			defaultConfigurationName = Release;
		};
		B59B575E1D90A84200BF8193 /* Build configuration list for PBXNativeTarget "BetFriendsUITests" */ = {
			isa = XCConfigurationList;
			buildConfigurations = (
				B59B575F1D90A84200BF8193 /* Debug */,
				B59B57601D90A84200BF8193 /* Release */,
			);
			defaultConfigurationIsVisible = 0;
			defaultConfigurationName = Release;
		};
/* End XCConfigurationList section */
	};
	rootObject = B59B57281D90A84100BF8193 /* Project object */;
}
